
Microsoft Visual Studio Solution File, Format Version 12.00
# Visual Studio Version 17
VisualStudioVersion = 17.10.35013.160
MinimumVisualStudioVersion = 10.0.40219.1
Project("{FAE04EC0-301F-11D3-BF4B-00C04F79EFBC}") = "ConsoleApp1", "ConsoleApp1\ConsoleApp1.csproj", "{BAC7F19E-EBFE-43B4-99B3-606C70F0A7C8}"
EndProject
Global
	GlobalSection(SolutionConfigurationPlatforms) = preSolution
		Debug|Any CPU = Debug|Any CPU
		Release|Any CPU = Release|Any CPU
	EndGlobalSection
	GlobalSection(ProjectConfigurationPlatforms) = postSolution
		{BAC7F19E-EBFE-43B4-99B3-606C70F0A7C8}.Debug|Any CPU.ActiveCfg = Debug|Any CPU
		{BAC7F19E-EBFE-43B4-99B3-606C70F0A7C8}.Debug|Any CPU.Build.0 = Debug|Any CPU
		{BAC7F19E-EBFE-43B4-99B3-606C70F0A7C8}.Release|Any CPU.ActiveCfg = Release|Any CPU
		{BAC7F19E-EBFE-43B4-99B3-606C70F0A7C8}.Release|Any CPU.Build.0 = Release|Any CPU
	EndGlobalSection
	GlobalSection(SolutionProperties) = preSolution
		HideSolutionNode = FALSE
	EndGlobalSection
	GlobalSection(ExtensibilityGlobals) = postSolution
		SolutionGuid = {310B4154-D0C7-4F74-9053-42433E0342A9}
	EndGlobalSection
EndGlobal
